
Microsoft Visual Studio Solution File, Format Version 12.00
# Visual Studio 15
VisualStudioVersion = 15.0.27130.0
MinimumVisualStudioVersion = 10.0.40219.1
Project("{9A19103F-16F7-4668-BE54-9A1E7A4F7556}") = "TestWebApp", "TestWebApp\TestWebApp.csproj", "{851FA9FF-5E6F-49AA-ACC5-0DA72C6C35D1}"
EndProject
Project("{9A19103F-16F7-4668-BE54-9A1E7A4F7556}") = "TestLib", "..\TestLib\TestLib\TestLib.csproj", "{89F70E51-00B6-44CC-B0C7-252746501CF6}"
EndProject
Global
	GlobalSection(SolutionConfigurationPlatforms) = preSolution
		Debug|Any CPU = Debug|Any CPU
		Release|Any CPU = Release|Any CPU
	EndGlobalSection
	GlobalSection(ProjectConfigurationPlatforms) = postSolution
		{851FA9FF-5E6F-49AA-ACC5-0DA72C6C35D1}.Debug|Any CPU.ActiveCfg = Debug|Any CPU
		{851FA9FF-5E6F-49AA-ACC5-0DA72C6C35D1}.Debug|Any CPU.Build.0 = Debug|Any CPU
		{851FA9FF-5E6F-49AA-ACC5-0DA72C6C35D1}.Release|Any CPU.ActiveCfg = Release|Any CPU
		{851FA9FF-5E6F-49AA-ACC5-0DA72C6C35D1}.Release|Any CPU.Build.0 = Release|Any CPU
		{89F70E51-00B6-44CC-B0C7-252746501CF6}.Debug|Any CPU.ActiveCfg = Debug|Any CPU
		{89F70E51-00B6-44CC-B0C7-252746501CF6}.Debug|Any CPU.Build.0 = Debug|Any CPU
		{89F70E51-00B6-44CC-B0C7-252746501CF6}.Release|Any CPU.ActiveCfg = Release|Any CPU
		{89F70E51-00B6-44CC-B0C7-252746501CF6}.Release|Any CPU.Build.0 = Release|Any CPU
	EndGlobalSection
	GlobalSection(SolutionProperties) = preSolution
		HideSolutionNode = FALSE
	EndGlobalSection
	GlobalSection(ExtensibilityGlobals) = postSolution
		SolutionGuid = {FAC901A4-0A86-422D-8A05-6B0B598E7E26}
	EndGlobalSection
EndGlobal
