
Microsoft Visual Studio Solution File, Format Version 12.00
# Visual Studio 15
VisualStudioVersion = 15.0.27130.0
MinimumVisualStudioVersion = 10.0.40219.1
Project("{FAE04EC0-301F-11D3-BF4B-00C04F79EFBC}") = "TestLib", "TestLib\TestLib.csproj", "{EF8806B4-36A0-4C2A-A904-BCE63FC6B11F}"
EndProject
Global
	GlobalSection(SolutionConfigurationPlatforms) = preSolution
		Debug|Any CPU = Debug|Any CPU
		Release|Any CPU = Release|Any CPU
	EndGlobalSection
	GlobalSection(ProjectConfigurationPlatforms) = postSolution
		{EF8806B4-36A0-4C2A-A904-BCE63FC6B11F}.Debug|Any CPU.ActiveCfg = Debug|Any CPU
		{EF8806B4-36A0-4C2A-A904-BCE63FC6B11F}.Debug|Any CPU.Build.0 = Debug|Any CPU
		{EF8806B4-36A0-4C2A-A904-BCE63FC6B11F}.Release|Any CPU.ActiveCfg = Release|Any CPU
		{EF8806B4-36A0-4C2A-A904-BCE63FC6B11F}.Release|Any CPU.Build.0 = Release|Any CPU
	EndGlobalSection
	GlobalSection(SolutionProperties) = preSolution
		HideSolutionNode = FALSE
	EndGlobalSection
	GlobalSection(ExtensibilityGlobals) = postSolution
		SolutionGuid = {C34C059B-5167-4A51-B6B7-A28547E610B4}
	EndGlobalSection
EndGlobal
